
Microsoft Visual Studio Solution File, Format Version 12.00
# Visual Studio 15
VisualStudioVersion = 15.0.28307.438
MinimumVisualStudioVersion = 10.0.40219.1
Project("{FAE04EC0-301F-11D3-BF4B-00C04F79EFBC}") = "EtecFlixApp.Android", "EtecFlixApp\EtecFlixApp.Android\EtecFlixApp.Android.csproj", "{FCC67D37-B487-48C3-941C-2359D2F1F5F6}"
EndProject
Project("{FAE04EC0-301F-11D3-BF4B-00C04F79EFBC}") = "EtecFlixApp.iOS", "EtecFlixApp\EtecFlixApp.iOS\EtecFlixApp.iOS.csproj", "{768DFF2B-A1E5-49B8-9564-40C2454CE879}"
EndProject
Project("{FAE04EC0-301F-11D3-BF4B-00C04F79EFBC}") = "EtecFlixApp.UWP", "EtecFlixApp\EtecFlixApp.UWP\EtecFlixApp.UWP.csproj", "{81B239BF-DF88-4D42-82A6-5B6E542BE24F}"
EndProject
Project("{FAE04EC0-301F-11D3-BF4B-00C04F79EFBC}") = "EtecFlixApp", "EtecFlixApp\EtecFlixApp\EtecFlixApp.csproj", "{83CCDD3A-BF65-4EB4-B1BD-160DFB4AA5A9}"
EndProject
Global
	GlobalSection(SolutionConfigurationPlatforms) = preSolution
		Ad-Hoc|Any CPU = Ad-Hoc|Any CPU
		Ad-Hoc|ARM = Ad-Hoc|ARM
		Ad-Hoc|iPhone = Ad-Hoc|iPhone
		Ad-Hoc|iPhoneSimulator = Ad-Hoc|iPhoneSimulator
		Ad-Hoc|x64 = Ad-Hoc|x64
		Ad-Hoc|x86 = Ad-Hoc|x86
		AppStore|Any CPU = AppStore|Any CPU
		AppStore|ARM = AppStore|ARM
		AppStore|iPhone = AppStore|iPhone
		AppStore|iPhoneSimulator = AppStore|iPhoneSimulator
		AppStore|x64 = AppStore|x64
		AppStore|x86 = AppStore|x86
		Debug|Any CPU = Debug|Any CPU
		Debug|ARM = Debug|ARM
		Debug|iPhone = Debug|iPhone
		Debug|iPhoneSimulator = Debug|iPhoneSimulator
		Debug|x64 = Debug|x64
		Debug|x86 = Debug|x86
		Release|Any CPU = Release|Any CPU
		Release|ARM = Release|ARM
		Release|iPhone = Release|iPhone
		Release|iPhoneSimulator = Release|iPhoneSimulator
		Release|x64 = Release|x64
		Release|x86 = Release|x86
	EndGlobalSection
	GlobalSection(ProjectConfigurationPlatforms) = postSolution
		{FCC67D37-B487-48C3-941C-2359D2F1F5F6}.Ad-Hoc|Any CPU.ActiveCfg = Release|Any CPU
		{FCC67D37-B487-48C3-941C-2359D2F1F5F6}.Ad-Hoc|Any CPU.Build.0 = Release|Any CPU
		{FCC67D37-B487-48C3-941C-2359D2F1F5F6}.Ad-Hoc|Any CPU.Deploy.0 = Release|Any CPU
		{FCC67D37-B487-48C3-941C-2359D2F1F5F6}.Ad-Hoc|ARM.ActiveCfg = Release|Any CPU
		{FCC67D37-B487-48C3-941C-2359D2F1F5F6}.Ad-Hoc|ARM.Build.0 = Release|Any CPU
		{FCC67D37-B487-48C3-941C-2359D2F1F5F6}.Ad-Hoc|ARM.Deploy.0 = Release|Any CPU
		{FCC67D37-B487-48C3-941C-2359D2F1F5F6}.Ad-Hoc|iPhone.ActiveCfg = Release|Any CPU
		{FCC67D37-B487-48C3-941C-2359D2F1F5F6}.Ad-Hoc|iPhone.Build.0 = Release|Any CPU
		{FCC67D37-B487-48C3-941C-2359D2F1F5F6}.Ad-Hoc|iPhone.Deploy.0 = Release|Any CPU
		{FCC67D37-B487-48C3-941C-2359D2F1F5F6}.Ad-Hoc|iPhoneSimulator.ActiveCfg = Release|Any CPU
		{FCC67D37-B487-48C3-941C-2359D2F1F5F6}.Ad-Hoc|iPhoneSimulator.Build.0 = Release|Any CPU
		{FCC67D37-B487-48C3-941C-2359D2F1F5F6}.Ad-Hoc|iPhoneSimulator.Deploy.0 = Release|Any CPU
		{FCC67D37-B487-48C3-941C-2359D2F1F5F6}.Ad-Hoc|x64.ActiveCfg = Release|Any CPU
		{FCC67D37-B487-48C3-941C-2359D2F1F5F6}.Ad-Hoc|x64.Build.0 = Release|Any CPU
		{FCC67D37-B487-48C3-941C-2359D2F1F5F6}.Ad-Hoc|x64.Deploy.0 = Release|Any CPU
		{FCC67D37-B487-48C3-941C-2359D2F1F5F6}.Ad-Hoc|x86.ActiveCfg = Release|Any CPU
		{FCC67D37-B487-48C3-941C-2359D2F1F5F6}.Ad-Hoc|x86.Build.0 = Release|Any CPU
		{FCC67D37-B487-48C3-941C-2359D2F1F5F6}.Ad-Hoc|x86.Deploy.0 = Release|Any CPU
		{FCC67D37-B487-48C3-941C-2359D2F1F5F6}.AppStore|Any CPU.ActiveCfg = Release|Any CPU
		{FCC67D37-B487-48C3-941C-2359D2F1F5F6}.AppStore|Any CPU.Build.0 = Release|Any CPU
		{FCC67D37-B487-48C3-941C-2359D2F1F5F6}.AppStore|Any CPU.Deploy.0 = Release|Any CPU
		{FCC67D37-B487-48C3-941C-2359D2F1F5F6}.AppStore|ARM.ActiveCfg = Release|Any CPU
		{FCC67D37-B487-48C3-941C-2359D2F1F5F6}.AppStore|ARM.Build.0 = Release|Any CPU
		{FCC67D37-B487-48C3-941C-2359D2F1F5F6}.AppStore|ARM.Deploy.0 = Release|Any CPU
		{FCC67D37-B487-48C3-941C-2359D2F1F5F6}.AppStore|iPhone.ActiveCfg = Release|Any CPU
		{FCC67D37-B487-48C3-941C-2359D2F1F5F6}.AppStore|iPhone.Build.0 = Release|Any CPU
		{FCC67D37-B487-48C3-941C-2359D2F1F5F6}.AppStore|iPhone.Deploy.0 = Release|Any CPU
		{FCC67D37-B487-48C3-941C-2359D2F1F5F6}.AppStore|iPhoneSimulator.ActiveCfg = Release|Any CPU
		{FCC67D37-B487-48C3-941C-2359D2F1F5F6}.AppStore|iPhoneSimulator.Build.0 = Release|Any CPU
		{FCC67D37-B487-48C3-941C-2359D2F1F5F6}.AppStore|iPhoneSimulator.Deploy.0 = Release|Any CPU
		{FCC67D37-B487-48C3-941C-2359D2F1F5F6}.AppStore|x64.ActiveCfg = Release|Any CPU
		{FCC67D37-B487-48C3-941C-2359D2F1F5F6}.AppStore|x64.Build.0 = Release|Any CPU
		{FCC67D37-B487-48C3-941C-2359D2F1F5F6}.AppStore|x64.Deploy.0 = Release|Any CPU
		{FCC67D37-B487-48C3-941C-2359D2F1F5F6}.AppStore|x86.ActiveCfg = Release|Any CPU
		{FCC67D37-B487-48C3-941C-2359D2F1F5F6}.AppStore|x86.Build.0 = Release|Any CPU
		{FCC67D37-B487-48C3-941C-2359D2F1F5F6}.AppStore|x86.Deploy.0 = Release|Any CPU
		{FCC67D37-B487-48C3-941C-2359D2F1F5F6}.Debug|Any CPU.ActiveCfg = Debug|Any CPU
		{FCC67D37-B487-48C3-941C-2359D2F1F5F6}.Debug|Any CPU.Build.0 = Debug|Any CPU
		{FCC67D37-B487-48C3-941C-2359D2F1F5F6}.Debug|Any CPU.Deploy.0 = Debug|Any CPU
		{FCC67D37-B487-48C3-941C-2359D2F1F5F6}.Debug|ARM.ActiveCfg = Debug|Any CPU
		{FCC67D37-B487-48C3-941C-2359D2F1F5F6}.Debug|ARM.Build.0 = Debug|Any CPU
		{FCC67D37-B487-48C3-941C-2359D2F1F5F6}.Debug|ARM.Deploy.0 = Debug|Any CPU
		{FCC67D37-B487-48C3-941C-2359D2F1F5F6}.Debug|iPhone.ActiveCfg = Debug|Any CPU
		{FCC67D37-B487-48C3-941C-2359D2F1F5F6}.Debug|iPhone.Build.0 = Debug|Any CPU
		{FCC67D37-B487-48C3-941C-2359D2F1F5F6}.Debug|iPhone.Deploy.0 = Debug|Any CPU
		{FCC67D37-B487-48C3-941C-2359D2F1F5F6}.Debug|iPhoneSimulator.ActiveCfg = Debug|Any CPU
		{FCC67D37-B487-48C3-941C-2359D2F1F5F6}.Debug|iPhoneSimulator.Build.0 = Debug|Any CPU
		{FCC67D37-B487-48C3-941C-2359D2F1F5F6}.Debug|iPhoneSimulator.Deploy.0 = Debug|Any CPU
		{FCC67D37-B487-48C3-941C-2359D2F1F5F6}.Debug|x64.ActiveCfg = Debug|Any CPU
		{FCC67D37-B487-48C3-941C-2359D2F1F5F6}.Debug|x64.Build.0 = Debug|Any CPU
		{FCC67D37-B487-48C3-941C-2359D2F1F5F6}.Debug|x64.Deploy.0 = Debug|Any CPU
		{FCC67D37-B487-48C3-941C-2359D2F1F5F6}.Debug|x86.ActiveCfg = Debug|Any CPU
		{FCC67D37-B487-48C3-941C-2359D2F1F5F6}.Debug|x86.Build.0 = Debug|Any CPU
		{FCC67D37-B487-48C3-941C-2359D2F1F5F6}.Debug|x86.Deploy.0 = Debug|Any CPU
		{FCC67D37-B487-48C3-941C-2359D2F1F5F6}.Release|Any CPU.ActiveCfg = Release|Any CPU
		{FCC67D37-B487-48C3-941C-2359D2F1F5F6}.Release|Any CPU.Build.0 = Release|Any CPU
		{FCC67D37-B487-48C3-941C-2359D2F1F5F6}.Release|Any CPU.Deploy.0 = Release|Any CPU
		{FCC67D37-B487-48C3-941C-2359D2F1F5F6}.Release|ARM.ActiveCfg = Release|Any CPU
		{FCC67D37-B487-48C3-941C-2359D2F1F5F6}.Release|ARM.Build.0 = Release|Any CPU
		{FCC67D37-B487-48C3-941C-2359D2F1F5F6}.Release|ARM.Deploy.0 = Release|Any CPU
		{FCC67D37-B487-48C3-941C-2359D2F1F5F6}.Release|iPhone.ActiveCfg = Release|Any CPU
		{FCC67D37-B487-48C3-941C-2359D2F1F5F6}.Release|iPhone.Build.0 = Release|Any CPU
		{FCC67D37-B487-48C3-941C-2359D2F1F5F6}.Release|iPhone.Deploy.0 = Release|Any CPU
		{FCC67D37-B487-48C3-941C-2359D2F1F5F6}.Release|iPhoneSimulator.ActiveCfg = Release|Any CPU
		{FCC67D37-B487-48C3-941C-2359D2F1F5F6}.Release|iPhoneSimulator.Build.0 = Release|Any CPU
		{FCC67D37-B487-48C3-941C-2359D2F1F5F6}.Release|iPhoneSimulator.Deploy.0 = Release|Any CPU
		{FCC67D37-B487-48C3-941C-2359D2F1F5F6}.Release|x64.ActiveCfg = Release|Any CPU
		{FCC67D37-B487-48C3-941C-2359D2F1F5F6}.Release|x64.Build.0 = Release|Any CPU
		{FCC67D37-B487-48C3-941C-2359D2F1F5F6}.Release|x64.Deploy.0 = Release|Any CPU
		{FCC67D37-B487-48C3-941C-2359D2F1F5F6}.Release|x86.ActiveCfg = Release|Any CPU
		{FCC67D37-B487-48C3-941C-2359D2F1F5F6}.Release|x86.Build.0 = Release|Any CPU
		{FCC67D37-B487-48C3-941C-2359D2F1F5F6}.Release|x86.Deploy.0 = Release|Any CPU
		{768DFF2B-A1E5-49B8-9564-40C2454CE879}.Ad-Hoc|Any CPU.ActiveCfg = Ad-Hoc|iPhone
		{768DFF2B-A1E5-49B8-9564-40C2454CE879}.Ad-Hoc|Any CPU.Build.0 = Ad-Hoc|iPhone
		{768DFF2B-A1E5-49B8-9564-40C2454CE879}.Ad-Hoc|Any CPU.Deploy.0 = Ad-Hoc|iPhone
		{768DFF2B-A1E5-49B8-9564-40C2454CE879}.Ad-Hoc|ARM.ActiveCfg = Ad-Hoc|iPhone
		{768DFF2B-A1E5-49B8-9564-40C2454CE879}.Ad-Hoc|ARM.Build.0 = Ad-Hoc|iPhone
		{768DFF2B-A1E5-49B8-9564-40C2454CE879}.Ad-Hoc|ARM.Deploy.0 = Ad-Hoc|iPhone
		{768DFF2B-A1E5-49B8-9564-40C2454CE879}.Ad-Hoc|iPhone.ActiveCfg = Ad-Hoc|iPhone
		{768DFF2B-A1E5-49B8-9564-40C2454CE879}.Ad-Hoc|iPhone.Build.0 = Ad-Hoc|iPhone
		{768DFF2B-A1E5-49B8-9564-40C2454CE879}.Ad-Hoc|iPhone.Deploy.0 = Ad-Hoc|iPhone
		{768DFF2B-A1E5-49B8-9564-40C2454CE879}.Ad-Hoc|iPhoneSimulator.ActiveCfg = Ad-Hoc|iPhoneSimulator
		{768DFF2B-A1E5-49B8-9564-40C2454CE879}.Ad-Hoc|iPhoneSimulator.Build.0 = Ad-Hoc|iPhoneSimulator
		{768DFF2B-A1E5-49B8-9564-40C2454CE879}.Ad-Hoc|iPhoneSimulator.Deploy.0 = Ad-Hoc|iPhoneSimulator
		{768DFF2B-A1E5-49B8-9564-40C2454CE879}.Ad-Hoc|x64.ActiveCfg = Ad-Hoc|iPhone
		{768DFF2B-A1E5-49B8-9564-40C2454CE879}.Ad-Hoc|x64.Build.0 = Ad-Hoc|iPhone
		{768DFF2B-A1E5-49B8-9564-40C2454CE879}.Ad-Hoc|x64.Deploy.0 = Ad-Hoc|iPhone
		{768DFF2B-A1E5-49B8-9564-40C2454CE879}.Ad-Hoc|x86.ActiveCfg = Ad-Hoc|iPhone
		{768DFF2B-A1E5-49B8-9564-40C2454CE879}.Ad-Hoc|x86.Build.0 = Ad-Hoc|iPhone
		{768DFF2B-A1E5-49B8-9564-40C2454CE879}.Ad-Hoc|x86.Deploy.0 = Ad-Hoc|iPhone
		{768DFF2B-A1E5-49B8-9564-40C2454CE879}.AppStore|Any CPU.ActiveCfg = AppStore|iPhone
		{768DFF2B-A1E5-49B8-9564-40C2454CE879}.AppStore|Any CPU.Build.0 = AppStore|iPhone
		{768DFF2B-A1E5-49B8-9564-40C2454CE879}.AppStore|Any CPU.Deploy.0 = AppStore|iPhone
		{768DFF2B-A1E5-49B8-9564-40C2454CE879}.AppStore|ARM.ActiveCfg = AppStore|iPhone
		{768DFF2B-A1E5-49B8-9564-40C2454CE879}.AppStore|ARM.Build.0 = AppStore|iPhone
		{768DFF2B-A1E5-49B8-9564-40C2454CE879}.AppStore|ARM.Deploy.0 = AppStore|iPhone
		{768DFF2B-A1E5-49B8-9564-40C2454CE879}.AppStore|iPhone.ActiveCfg = AppStore|iPhone
		{768DFF2B-A1E5-49B8-9564-40C2454CE879}.AppStore|iPhone.Build.0 = AppStore|iPhone
		{768DFF2B-A1E5-49B8-9564-40C2454CE879}.AppStore|iPhone.Deploy.0 = AppStore|iPhone
		{768DFF2B-A1E5-49B8-9564-40C2454CE879}.AppStore|iPhoneSimulator.ActiveCfg = AppStore|iPhoneSimulator
		{768DFF2B-A1E5-49B8-9564-40C2454CE879}.AppStore|iPhoneSimulator.Build.0 = AppStore|iPhoneSimulator
		{768DFF2B-A1E5-49B8-9564-40C2454CE879}.AppStore|iPhoneSimulator.Deploy.0 = AppStore|iPhoneSimulator
		{768DFF2B-A1E5-49B8-9564-40C2454CE879}.AppStore|x64.ActiveCfg = AppStore|iPhone
		{768DFF2B-A1E5-49B8-9564-40C2454CE879}.AppStore|x64.Build.0 = AppStore|iPhone
		{768DFF2B-A1E5-49B8-9564-40C2454CE879}.AppStore|x64.Deploy.0 = AppStore|iPhone
		{768DFF2B-A1E5-49B8-9564-40C2454CE879}.AppStore|x86.ActiveCfg = AppStore|iPhone
		{768DFF2B-A1E5-49B8-9564-40C2454CE879}.AppStore|x86.Build.0 = AppStore|iPhone
		{768DFF2B-A1E5-49B8-9564-40C2454CE879}.AppStore|x86.Deploy.0 = AppStore|iPhone
		{768DFF2B-A1E5-49B8-9564-40C2454CE879}.Debug|Any CPU.ActiveCfg = Debug|iPhoneSimulator
		{768DFF2B-A1E5-49B8-9564-40C2454CE879}.Debug|Any CPU.Build.0 = Debug|iPhoneSimulator
		{768DFF2B-A1E5-49B8-9564-40C2454CE879}.Debug|Any CPU.Deploy.0 = Debug|iPhoneSimulator
		{768DFF2B-A1E5-49B8-9564-40C2454CE879}.Debug|ARM.ActiveCfg = Debug|iPhone
		{768DFF2B-A1E5-49B8-9564-40C2454CE879}.Debug|ARM.Build.0 = Debug|iPhone
		{768DFF2B-A1E5-49B8-9564-40C2454CE879}.Debug|ARM.Deploy.0 = Debug|iPhone
		{768DFF2B-A1E5-49B8-9564-40C2454CE879}.Debug|iPhone.ActiveCfg = Debug|iPhone
		{768DFF2B-A1E5-49B8-9564-40C2454CE879}.Debug|iPhone.Build.0 = Debug|iPhone
		{768DFF2B-A1E5-49B8-9564-40C2454CE879}.Debug|iPhone.Deploy.0 = Debug|iPhone
		{768DFF2B-A1E5-49B8-9564-40C2454CE879}.Debug|iPhoneSimulator.ActiveCfg = Debug|iPhoneSimulator
		{768DFF2B-A1E5-49B8-9564-40C2454CE879}.Debug|iPhoneSimulator.Build.0 = Debug|iPhoneSimulator
		{768DFF2B-A1E5-49B8-9564-40C2454CE879}.Debug|iPhoneSimulator.Deploy.0 = Debug|iPhoneSimulator
		{768DFF2B-A1E5-49B8-9564-40C2454CE879}.Debug|x64.ActiveCfg = Debug|iPhone
		{768DFF2B-A1E5-49B8-9564-40C2454CE879}.Debug|x64.Build.0 = Debug|iPhone
		{768DFF2B-A1E5-49B8-9564-40C2454CE879}.Debug|x64.Deploy.0 = Debug|iPhone
		{768DFF2B-A1E5-49B8-9564-40C2454CE879}.Debug|x86.ActiveCfg = Debug|iPhone
		{768DFF2B-A1E5-49B8-9564-40C2454CE879}.Debug|x86.Build.0 = Debug|iPhone
		{768DFF2B-A1E5-49B8-9564-40C2454CE879}.Debug|x86.Deploy.0 = Debug|iPhone
		{768DFF2B-A1E5-49B8-9564-40C2454CE879}.Release|Any CPU.ActiveCfg = Release|iPhone
		{768DFF2B-A1E5-49B8-9564-40C2454CE879}.Release|Any CPU.Build.0 = Release|iPhone
		{768DFF2B-A1E5-49B8-9564-40C2454CE879}.Release|Any CPU.Deploy.0 = Release|iPhone
		{768DFF2B-A1E5-49B8-9564-40C2454CE879}.Release|ARM.ActiveCfg = Release|iPhone
		{768DFF2B-A1E5-49B8-9564-40C2454CE879}.Release|ARM.Build.0 = Release|iPhone
		{768DFF2B-A1E5-49B8-9564-40C2454CE879}.Release|ARM.Deploy.0 = Release|iPhone
		{768DFF2B-A1E5-49B8-9564-40C2454CE879}.Release|iPhone.ActiveCfg = Release|iPhone
		{768DFF2B-A1E5-49B8-9564-40C2454CE879}.Release|iPhone.Build.0 = Release|iPhone
		{768DFF2B-A1E5-49B8-9564-40C2454CE879}.Release|iPhone.Deploy.0 = Release|iPhone
		{768DFF2B-A1E5-49B8-9564-40C2454CE879}.Release|iPhoneSimulator.ActiveCfg = Release|iPhoneSimulator
		{768DFF2B-A1E5-49B8-9564-40C2454CE879}.Release|iPhoneSimulator.Build.0 = Release|iPhoneSimulator
		{768DFF2B-A1E5-49B8-9564-40C2454CE879}.Release|iPhoneSimulator.Deploy.0 = Release|iPhoneSimulator
		{768DFF2B-A1E5-49B8-9564-40C2454CE879}.Release|x64.ActiveCfg = Release|iPhone
		{768DFF2B-A1E5-49B8-9564-40C2454CE879}.Release|x64.Build.0 = Release|iPhone
		{768DFF2B-A1E5-49B8-9564-40C2454CE879}.Release|x64.Deploy.0 = Release|iPhone
		{768DFF2B-A1E5-49B8-9564-40C2454CE879}.Release|x86.ActiveCfg = Release|iPhone
		{768DFF2B-A1E5-49B8-9564-40C2454CE879}.Release|x86.Build.0 = Release|iPhone
		{768DFF2B-A1E5-49B8-9564-40C2454CE879}.Release|x86.Deploy.0 = Release|iPhone
		{81B239BF-DF88-4D42-82A6-5B6E542BE24F}.Ad-Hoc|Any CPU.ActiveCfg = Release|x86
		{81B239BF-DF88-4D42-82A6-5B6E542BE24F}.Ad-Hoc|Any CPU.Build.0 = Release|x86
		{81B239BF-DF88-4D42-82A6-5B6E542BE24F}.Ad-Hoc|Any CPU.Deploy.0 = Release|x86
		{81B239BF-DF88-4D42-82A6-5B6E542BE24F}.Ad-Hoc|ARM.ActiveCfg = Release|ARM
		{81B239BF-DF88-4D42-82A6-5B6E542BE24F}.Ad-Hoc|ARM.Build.0 = Release|ARM
		{81B239BF-DF88-4D42-82A6-5B6E542BE24F}.Ad-Hoc|ARM.Deploy.0 = Release|ARM
		{81B239BF-DF88-4D42-82A6-5B6E542BE24F}.Ad-Hoc|iPhone.ActiveCfg = Release|x86
		{81B239BF-DF88-4D42-82A6-5B6E542BE24F}.Ad-Hoc|iPhone.Build.0 = Release|x86
		{81B239BF-DF88-4D42-82A6-5B6E542BE24F}.Ad-Hoc|iPhone.Deploy.0 = Release|x86
		{81B239BF-DF88-4D42-82A6-5B6E542BE24F}.Ad-Hoc|iPhoneSimulator.ActiveCfg = Release|x86
		{81B239BF-DF88-4D42-82A6-5B6E542BE24F}.Ad-Hoc|iPhoneSimulator.Build.0 = Release|x86
		{81B239BF-DF88-4D42-82A6-5B6E542BE24F}.Ad-Hoc|iPhoneSimulator.Deploy.0 = Release|x86
		{81B239BF-DF88-4D42-82A6-5B6E542BE24F}.Ad-Hoc|x64.ActiveCfg = Release|x64
		{81B239BF-DF88-4D42-82A6-5B6E542BE24F}.Ad-Hoc|x64.Build.0 = Release|x64
		{81B239BF-DF88-4D42-82A6-5B6E542BE24F}.Ad-Hoc|x64.Deploy.0 = Release|x64
		{81B239BF-DF88-4D42-82A6-5B6E542BE24F}.Ad-Hoc|x86.ActiveCfg = Release|x86
		{81B239BF-DF88-4D42-82A6-5B6E542BE24F}.Ad-Hoc|x86.Build.0 = Release|x86
		{81B239BF-DF88-4D42-82A6-5B6E542BE24F}.Ad-Hoc|x86.Deploy.0 = Release|x86
		{81B239BF-DF88-4D42-82A6-5B6E542BE24F}.AppStore|Any CPU.ActiveCfg = Release|x86
		{81B239BF-DF88-4D42-82A6-5B6E542BE24F}.AppStore|Any CPU.Build.0 = Release|x86
		{81B239BF-DF88-4D42-82A6-5B6E542BE24F}.AppStore|Any CPU.Deploy.0 = Release|x86
		{81B239BF-DF88-4D42-82A6-5B6E542BE24F}.AppStore|ARM.ActiveCfg = Release|ARM
		{81B239BF-DF88-4D42-82A6-5B6E542BE24F}.AppStore|ARM.Build.0 = Release|ARM
		{81B239BF-DF88-4D42-82A6-5B6E542BE24F}.AppStore|ARM.Deploy.0 = Release|ARM
		{81B239BF-DF88-4D42-82A6-5B6E542BE24F}.AppStore|iPhone.ActiveCfg = Release|x86
		{81B239BF-DF88-4D42-82A6-5B6E542BE24F}.AppStore|iPhone.Build.0 = Release|x86
		{81B239BF-DF88-4D42-82A6-5B6E542BE24F}.AppStore|iPhone.Deploy.0 = Release|x86
		{81B239BF-DF88-4D42-82A6-5B6E542BE24F}.AppStore|iPhoneSimulator.ActiveCfg = Release|x86
		{81B239BF-DF88-4D42-82A6-5B6E542BE24F}.AppStore|iPhoneSimulator.Build.0 = Release|x86
		{81B239BF-DF88-4D42-82A6-5B6E542BE24F}.AppStore|iPhoneSimulator.Deploy.0 = Release|x86
		{81B239BF-DF88-4D42-82A6-5B6E542BE24F}.AppStore|x64.ActiveCfg = Release|x64
		{81B239BF-DF88-4D42-82A6-5B6E542BE24F}.AppStore|x64.Build.0 = Release|x64
		{81B239BF-DF88-4D42-82A6-5B6E542BE24F}.AppStore|x64.Deploy.0 = Release|x64
		{81B239BF-DF88-4D42-82A6-5B6E542BE24F}.AppStore|x86.ActiveCfg = Release|x86
		{81B239BF-DF88-4D42-82A6-5B6E542BE24F}.AppStore|x86.Build.0 = Release|x86
		{81B239BF-DF88-4D42-82A6-5B6E542BE24F}.AppStore|x86.Deploy.0 = Release|x86
		{81B239BF-DF88-4D42-82A6-5B6E542BE24F}.Debug|Any CPU.ActiveCfg = Debug|x86
		{81B239BF-DF88-4D42-82A6-5B6E542BE24F}.Debug|Any CPU.Build.0 = Debug|x86
		{81B239BF-DF88-4D42-82A6-5B6E542BE24F}.Debug|Any CPU.Deploy.0 = Debug|x86
		{81B239BF-DF88-4D42-82A6-5B6E542BE24F}.Debug|ARM.ActiveCfg = Debug|ARM
		{81B239BF-DF88-4D42-82A6-5B6E542BE24F}.Debug|ARM.Build.0 = Debug|ARM
		{81B239BF-DF88-4D42-82A6-5B6E542BE24F}.Debug|ARM.Deploy.0 = Debug|ARM
		{81B239BF-DF88-4D42-82A6-5B6E542BE24F}.Debug|iPhone.ActiveCfg = Debug|x86
		{81B239BF-DF88-4D42-82A6-5B6E542BE24F}.Debug|iPhone.Build.0 = Debug|x86
		{81B239BF-DF88-4D42-82A6-5B6E542BE24F}.Debug|iPhone.Deploy.0 = Debug|x86
		{81B239BF-DF88-4D42-82A6-5B6E542BE24F}.Debug|iPhoneSimulator.ActiveCfg = Debug|x86
		{81B239BF-DF88-4D42-82A6-5B6E542BE24F}.Debug|iPhoneSimulator.Build.0 = Debug|x86
		{81B239BF-DF88-4D42-82A6-5B6E542BE24F}.Debug|iPhoneSimulator.Deploy.0 = Debug|x86
		{81B239BF-DF88-4D42-82A6-5B6E542BE24F}.Debug|x64.ActiveCfg = Debug|x64
		{81B239BF-DF88-4D42-82A6-5B6E542BE24F}.Debug|x64.Build.0 = Debug|x64
		{81B239BF-DF88-4D42-82A6-5B6E542BE24F}.Debug|x64.Deploy.0 = Debug|x64
		{81B239BF-DF88-4D42-82A6-5B6E542BE24F}.Debug|x86.ActiveCfg = Debug|x86
		{81B239BF-DF88-4D42-82A6-5B6E542BE24F}.Debug|x86.Build.0 = Debug|x86
		{81B239BF-DF88-4D42-82A6-5B6E542BE24F}.Debug|x86.Deploy.0 = Debug|x86
		{81B239BF-DF88-4D42-82A6-5B6E542BE24F}.Release|Any CPU.ActiveCfg = Release|x86
		{81B239BF-DF88-4D42-82A6-5B6E542BE24F}.Release|Any CPU.Build.0 = Release|x86
		{81B239BF-DF88-4D42-82A6-5B6E542BE24F}.Release|Any CPU.Deploy.0 = Release|x86
		{81B239BF-DF88-4D42-82A6-5B6E542BE24F}.Release|ARM.ActiveCfg = Release|ARM
		{81B239BF-DF88-4D42-82A6-5B6E542BE24F}.Release|ARM.Build.0 = Release|ARM
		{81B239BF-DF88-4D42-82A6-5B6E542BE24F}.Release|ARM.Deploy.0 = Release|ARM
		{81B239BF-DF88-4D42-82A6-5B6E542BE24F}.Release|iPhone.ActiveCfg = Release|x86
		{81B239BF-DF88-4D42-82A6-5B6E542BE24F}.Release|iPhone.Build.0 = Release|x86
		{81B239BF-DF88-4D42-82A6-5B6E542BE24F}.Release|iPhone.Deploy.0 = Release|x86
		{81B239BF-DF88-4D42-82A6-5B6E542BE24F}.Release|iPhoneSimulator.ActiveCfg = Release|x86
		{81B239BF-DF88-4D42-82A6-5B6E542BE24F}.Release|iPhoneSimulator.Build.0 = Release|x86
		{81B239BF-DF88-4D42-82A6-5B6E542BE24F}.Release|iPhoneSimulator.Deploy.0 = Release|x86
		{81B239BF-DF88-4D42-82A6-5B6E542BE24F}.Release|x64.ActiveCfg = Release|x64
		{81B239BF-DF88-4D42-82A6-5B6E542BE24F}.Release|x64.Build.0 = Release|x64
		{81B239BF-DF88-4D42-82A6-5B6E542BE24F}.Release|x64.Deploy.0 = Release|x64
		{81B239BF-DF88-4D42-82A6-5B6E542BE24F}.Release|x86.ActiveCfg = Release|x86
		{81B239BF-DF88-4D42-82A6-5B6E542BE24F}.Release|x86.Build.0 = Release|x86
		{81B239BF-DF88-4D42-82A6-5B6E542BE24F}.Release|x86.Deploy.0 = Release|x86
		{83CCDD3A-BF65-4EB4-B1BD-160DFB4AA5A9}.Ad-Hoc|Any CPU.ActiveCfg = Debug|Any CPU
		{83CCDD3A-BF65-4EB4-B1BD-160DFB4AA5A9}.Ad-Hoc|Any CPU.Build.0 = Debug|Any CPU
		{83CCDD3A-BF65-4EB4-B1BD-160DFB4AA5A9}.Ad-Hoc|Any CPU.Deploy.0 = Debug|Any CPU
		{83CCDD3A-BF65-4EB4-B1BD-160DFB4AA5A9}.Ad-Hoc|ARM.ActiveCfg = Debug|Any CPU
		{83CCDD3A-BF65-4EB4-B1BD-160DFB4AA5A9}.Ad-Hoc|ARM.Build.0 = Debug|Any CPU
		{83CCDD3A-BF65-4EB4-B1BD-160DFB4AA5A9}.Ad-Hoc|ARM.Deploy.0 = Debug|Any CPU
		{83CCDD3A-BF65-4EB4-B1BD-160DFB4AA5A9}.Ad-Hoc|iPhone.ActiveCfg = Debug|Any CPU
		{83CCDD3A-BF65-4EB4-B1BD-160DFB4AA5A9}.Ad-Hoc|iPhone.Build.0 = Debug|Any CPU
		{83CCDD3A-BF65-4EB4-B1BD-160DFB4AA5A9}.Ad-Hoc|iPhone.Deploy.0 = Debug|Any CPU
		{83CCDD3A-BF65-4EB4-B1BD-160DFB4AA5A9}.Ad-Hoc|iPhoneSimulator.ActiveCfg = Debug|Any CPU
		{83CCDD3A-BF65-4EB4-B1BD-160DFB4AA5A9}.Ad-Hoc|iPhoneSimulator.Build.0 = Debug|Any CPU
		{83CCDD3A-BF65-4EB4-B1BD-160DFB4AA5A9}.Ad-Hoc|iPhoneSimulator.Deploy.0 = Debug|Any CPU
		{83CCDD3A-BF65-4EB4-B1BD-160DFB4AA5A9}.Ad-Hoc|x64.ActiveCfg = Debug|Any CPU
		{83CCDD3A-BF65-4EB4-B1BD-160DFB4AA5A9}.Ad-Hoc|x64.Build.0 = Debug|Any CPU
		{83CCDD3A-BF65-4EB4-B1BD-160DFB4AA5A9}.Ad-Hoc|x64.Deploy.0 = Debug|Any CPU
		{83CCDD3A-BF65-4EB4-B1BD-160DFB4AA5A9}.Ad-Hoc|x86.ActiveCfg = Debug|Any CPU
		{83CCDD3A-BF65-4EB4-B1BD-160DFB4AA5A9}.Ad-Hoc|x86.Build.0 = Debug|Any CPU
		{83CCDD3A-BF65-4EB4-B1BD-160DFB4AA5A9}.Ad-Hoc|x86.Deploy.0 = Debug|Any CPU
		{83CCDD3A-BF65-4EB4-B1BD-160DFB4AA5A9}.AppStore|Any CPU.ActiveCfg = Debug|Any CPU
		{83CCDD3A-BF65-4EB4-B1BD-160DFB4AA5A9}.AppStore|Any CPU.Build.0 = Debug|Any CPU
		{83CCDD3A-BF65-4EB4-B1BD-160DFB4AA5A9}.AppStore|Any CPU.Deploy.0 = Debug|Any CPU
		{83CCDD3A-BF65-4EB4-B1BD-160DFB4AA5A9}.AppStore|ARM.ActiveCfg = Debug|Any CPU
		{83CCDD3A-BF65-4EB4-B1BD-160DFB4AA5A9}.AppStore|ARM.Build.0 = Debug|Any CPU
		{83CCDD3A-BF65-4EB4-B1BD-160DFB4AA5A9}.AppStore|ARM.Deploy.0 = Debug|Any CPU
		{83CCDD3A-BF65-4EB4-B1BD-160DFB4AA5A9}.AppStore|iPhone.ActiveCfg = Debug|Any CPU
		{83CCDD3A-BF65-4EB4-B1BD-160DFB4AA5A9}.AppStore|iPhone.Build.0 = Debug|Any CPU
		{83CCDD3A-BF65-4EB4-B1BD-160DFB4AA5A9}.AppStore|iPhone.Deploy.0 = Debug|Any CPU
		{83CCDD3A-BF65-4EB4-B1BD-160DFB4AA5A9}.AppStore|iPhoneSimulator.ActiveCfg = Debug|Any CPU
		{83CCDD3A-BF65-4EB4-B1BD-160DFB4AA5A9}.AppStore|iPhoneSimulator.Build.0 = Debug|Any CPU
		{83CCDD3A-BF65-4EB4-B1BD-160DFB4AA5A9}.AppStore|iPhoneSimulator.Deploy.0 = Debug|Any CPU
		{83CCDD3A-BF65-4EB4-B1BD-160DFB4AA5A9}.AppStore|x64.ActiveCfg = Debug|Any CPU
		{83CCDD3A-BF65-4EB4-B1BD-160DFB4AA5A9}.AppStore|x64.Build.0 = Debug|Any CPU
		{83CCDD3A-BF65-4EB4-B1BD-160DFB4AA5A9}.AppStore|x64.Deploy.0 = Debug|Any CPU
		{83CCDD3A-BF65-4EB4-B1BD-160DFB4AA5A9}.AppStore|x86.ActiveCfg = Debug|Any CPU
		{83CCDD3A-BF65-4EB4-B1BD-160DFB4AA5A9}.AppStore|x86.Build.0 = Debug|Any CPU
		{83CCDD3A-BF65-4EB4-B1BD-160DFB4AA5A9}.AppStore|x86.Deploy.0 = Debug|Any CPU
		{83CCDD3A-BF65-4EB4-B1BD-160DFB4AA5A9}.Debug|Any CPU.ActiveCfg = Debug|Any CPU
		{83CCDD3A-BF65-4EB4-B1BD-160DFB4AA5A9}.Debug|Any CPU.Build.0 = Debug|Any CPU
		{83CCDD3A-BF65-4EB4-B1BD-160DFB4AA5A9}.Debug|Any CPU.Deploy.0 = Debug|Any CPU
		{83CCDD3A-BF65-4EB4-B1BD-160DFB4AA5A9}.Debug|ARM.ActiveCfg = Debug|Any CPU
		{83CCDD3A-BF65-4EB4-B1BD-160DFB4AA5A9}.Debug|ARM.Build.0 = Debug|Any CPU
		{83CCDD3A-BF65-4EB4-B1BD-160DFB4AA5A9}.Debug|ARM.Deploy.0 = Debug|Any CPU
		{83CCDD3A-BF65-4EB4-B1BD-160DFB4AA5A9}.Debug|iPhone.ActiveCfg = Debug|Any CPU
		{83CCDD3A-BF65-4EB4-B1BD-160DFB4AA5A9}.Debug|iPhone.Build.0 = Debug|Any CPU
		{83CCDD3A-BF65-4EB4-B1BD-160DFB4AA5A9}.Debug|iPhone.Deploy.0 = Debug|Any CPU
		{83CCDD3A-BF65-4EB4-B1BD-160DFB4AA5A9}.Debug|iPhoneSimulator.ActiveCfg = Debug|Any CPU
		{83CCDD3A-BF65-4EB4-B1BD-160DFB4AA5A9}.Debug|iPhoneSimulator.Build.0 = Debug|Any CPU
		{83CCDD3A-BF65-4EB4-B1BD-160DFB4AA5A9}.Debug|iPhoneSimulator.Deploy.0 = Debug|Any CPU
		{83CCDD3A-BF65-4EB4-B1BD-160DFB4AA5A9}.Debug|x64.ActiveCfg = Debug|Any CPU
		{83CCDD3A-BF65-4EB4-B1BD-160DFB4AA5A9}.Debug|x64.Build.0 = Debug|Any CPU
		{83CCDD3A-BF65-4EB4-B1BD-160DFB4AA5A9}.Debug|x64.Deploy.0 = Debug|Any CPU
		{83CCDD3A-BF65-4EB4-B1BD-160DFB4AA5A9}.Debug|x86.ActiveCfg = Debug|Any CPU
		{83CCDD3A-BF65-4EB4-B1BD-160DFB4AA5A9}.Debug|x86.Build.0 = Debug|Any CPU
		{83CCDD3A-BF65-4EB4-B1BD-160DFB4AA5A9}.Debug|x86.Deploy.0 = Debug|Any CPU
		{83CCDD3A-BF65-4EB4-B1BD-160DFB4AA5A9}.Release|Any CPU.ActiveCfg = Release|Any CPU
		{83CCDD3A-BF65-4EB4-B1BD-160DFB4AA5A9}.Release|Any CPU.Build.0 = Release|Any CPU
		{83CCDD3A-BF65-4EB4-B1BD-160DFB4AA5A9}.Release|Any CPU.Deploy.0 = Release|Any CPU
		{83CCDD3A-BF65-4EB4-B1BD-160DFB4AA5A9}.Release|ARM.ActiveCfg = Release|Any CPU
		{83CCDD3A-BF65-4EB4-B1BD-160DFB4AA5A9}.Release|ARM.Build.0 = Release|Any CPU
		{83CCDD3A-BF65-4EB4-B1BD-160DFB4AA5A9}.Release|ARM.Deploy.0 = Release|Any CPU
		{83CCDD3A-BF65-4EB4-B1BD-160DFB4AA5A9}.Release|iPhone.ActiveCfg = Release|Any CPU
		{83CCDD3A-BF65-4EB4-B1BD-160DFB4AA5A9}.Release|iPhone.Build.0 = Release|Any CPU
		{83CCDD3A-BF65-4EB4-B1BD-160DFB4AA5A9}.Release|iPhone.Deploy.0 = Release|Any CPU
		{83CCDD3A-BF65-4EB4-B1BD-160DFB4AA5A9}.Release|iPhoneSimulator.ActiveCfg = Release|Any CPU
		{83CCDD3A-BF65-4EB4-B1BD-160DFB4AA5A9}.Release|iPhoneSimulator.Build.0 = Release|Any CPU
		{83CCDD3A-BF65-4EB4-B1BD-160DFB4AA5A9}.Release|iPhoneSimulator.Deploy.0 = Release|Any CPU
		{83CCDD3A-BF65-4EB4-B1BD-160DFB4AA5A9}.Release|x64.ActiveCfg = Release|Any CPU
		{83CCDD3A-BF65-4EB4-B1BD-160DFB4AA5A9}.Release|x64.Build.0 = Release|Any CPU
		{83CCDD3A-BF65-4EB4-B1BD-160DFB4AA5A9}.Release|x64.Deploy.0 = Release|Any CPU
		{83CCDD3A-BF65-4EB4-B1BD-160DFB4AA5A9}.Release|x86.ActiveCfg = Release|Any CPU
		{83CCDD3A-BF65-4EB4-B1BD-160DFB4AA5A9}.Release|x86.Build.0 = Release|Any CPU
		{83CCDD3A-BF65-4EB4-B1BD-160DFB4AA5A9}.Release|x86.Deploy.0 = Release|Any CPU
	EndGlobalSection
	GlobalSection(SolutionProperties) = preSolution
		HideSolutionNode = FALSE
	EndGlobalSection
	GlobalSection(ExtensibilityGlobals) = postSolution
		SolutionGuid = {FB60CFDD-44D1-4CA5-A44F-848A7A369218}
	EndGlobalSection
EndGlobal
